{
  "version": 4,
  "terraform_version": "1.11.4",
  "serial": 45,
  "lineage": "997bbdbf-ef7f-d561-b815-c5443e2ef1d9",
  "outputs": {
    "azones": {
      "value": [
        null,
        null,
        null,
        [
          {
            "name": "opt-in-status",
            "values": [
              "opt-in-not-required"
            ]
          }
        ],
        [
          "us-east-2-zg-1"
        ],
        "us-east-2",
        [
          "us-east-2a",
          "us-east-2b",
          "us-east-2c"
        ],
        null,
        [
          "use2-az1",
          "use2-az2",
          "use2-az3"
        ]
      ],
      "type": [
        "tuple",
        [
          "bool",
          [
            "set",
            "string"
          ],
          [
            "set",
            "string"
          ],
          [
            "set",
            [
              "object",
              {
                "name": "string",
                "values": [
                  "set",
                  "string"
                ]
              }
            ]
          ],
          [
            "set",
            "string"
          ],
          "string",
          [
            "list",
            "string"
          ],
          "string",
          [
            "list",
            "string"
          ]
        ]
      ]
    },
    "ec2_instance_public_ip": {
      "value": [
        "18.221.89.42",
        "3.15.39.118",
        "18.220.66.39"
      ],
      "type": [
        "tuple",
        [
          "string",
          "string",
          "string"
        ]
      ]
    },
    "ec2_state": {
      "value": [
        "running",
        "running",
        "running"
      ],
      "type": [
        "tuple",
        [
          "string",
          "string",
          "string"
        ]
      ]
    },
    "forlists": {
      "value": [
        "Avi amazon",
        "Avi azure",
        "Avi google"
      ],
      "type": [
        "tuple",
        [
          "string",
          "string",
          "string"
        ]
      ]
    },
    "formaps": {
      "value": [
        "medium -\u003e t3.medium",
        "small -\u003e t3.micro"
      ],
      "type": [
        "tuple",
        [
          "string",
          "string"
        ]
      ]
    }
  },
  "resources": [
    {
      "mode": "data",
      "type": "aws_ami",
      "name": "amzlinux",
      "provider": "provider[\"registry.terraform.io/hashicorp/aws\"]",
      "instances": [
        {
          "schema_version": 0,
          "attributes": {
            "architecture": "x86_64",
            "arn": "arn:aws:ec2:us-east-2::image/ami-0cc55259655aee1f4",
            "block_device_mappings": [
              {
                "device_name": "/dev/xvda",
                "ebs": {
                  "delete_on_termination": "true",
                  "encrypted": "false",
                  "iops": "0",
                  "snapshot_id": "snap-067db96a8ad9795bb",
                  "throughput": "0",
                  "volume_size": "2",
                  "volume_type": "gp2"
                },
                "no_device": "",
                "virtual_name": ""
              }
            ],
            "creation_date": "2025-04-25T06:10:57.000Z",
            "description": "Amazon Linux 2 SELinux Enforcing AMI 2.0.20250428.0 x86_64 Minimal HVM gp2",
            "ena_support": true,
            "executable_users": null,
            "filter": [
              {
                "name": "architecture",
                "values": [
                  "x86_64"
                ]
              },
              {
                "name": "name",
                "values": [
                  "amzn2-ami-*-gp2"
                ]
              },
              {
                "name": "root-device-type",
                "values": [
                  "ebs"
                ]
              },
              {
                "name": "virtualization-type",
                "values": [
                  "hvm"
                ]
              }
            ],
            "hypervisor": "xen",
            "id": "ami-0cc55259655aee1f4",
            "image_id": "ami-0cc55259655aee1f4",
            "image_location": "amazon/amzn2-ami-minimal-selinux-enforcing-hvm-2.0.20250428.0-x86_64-gp2",
            "image_owner_alias": "amazon",
            "image_type": "machine",
            "kernel_id": null,
            "most_recent": true,
            "name": "amzn2-ami-minimal-selinux-enforcing-hvm-2.0.20250428.0-x86_64-gp2",
            "name_regex": null,
            "owner_id": "137112412989",
            "owners": [
              "amazon"
            ],
            "platform": null,
            "platform_details": "Linux/UNIX",
            "product_codes": [],
            "public": true,
            "ramdisk_id": null,
            "root_device_name": "/dev/xvda",
            "root_device_type": "ebs",
            "root_snapshot_id": "snap-067db96a8ad9795bb",
            "sriov_net_support": "simple",
            "state": "available",
            "state_reason": {
              "code": "UNSET",
              "message": "UNSET"
            },
            "tags": {},
            "usage_operation": "RunInstances",
            "virtualization_type": "hvm"
          },
          "sensitive_attributes": []
        }
      ]
    },
    {
      "mode": "data",
      "type": "aws_availability_zones",
      "name": "myzones",
      "provider": "provider[\"registry.terraform.io/hashicorp/aws\"]",
      "instances": [
        {
          "schema_version": 0,
          "attributes": {
            "all_availability_zones": null,
            "exclude_names": null,
            "exclude_zone_ids": null,
            "filter": [
              {
                "name": "opt-in-status",
                "values": [
                  "opt-in-not-required"
                ]
              }
            ],
            "group_names": [
              "us-east-2-zg-1"
            ],
            "id": "us-east-2",
            "names": [
              "us-east-2a",
              "us-east-2b",
              "us-east-2c"
            ],
            "state": null,
            "zone_ids": [
              "use2-az1",
              "use2-az2",
              "use2-az3"
            ]
          },
          "sensitive_attributes": []
        }
      ]
    },
    {
      "mode": "managed",
      "type": "aws_instance",
      "name": "myec2",
      "provider": "provider[\"registry.terraform.io/hashicorp/aws\"]",
      "instances": [
        {
          "index_key": "us-east-2a",
          "schema_version": 1,
          "attributes": {
            "ami": "ami-0cc55259655aee1f4",
            "arn": "arn:aws:ec2:us-east-2:627216616077:instance/i-05376cab7b2ace34d",
            "associate_public_ip_address": true,
            "availability_zone": "us-east-2b",
            "capacity_reservation_specification": [
              {
                "capacity_reservation_preference": "open",
                "capacity_reservation_target": []
              }
            ],
            "cpu_core_count": 1,
            "cpu_threads_per_core": 2,
            "credit_specification": [
              {
                "cpu_credits": "unlimited"
              }
            ],
            "disable_api_termination": false,
            "ebs_block_device": [],
            "ebs_optimized": false,
            "enclave_options": [
              {
                "enabled": false
              }
            ],
            "ephemeral_block_device": [],
            "get_password_data": false,
            "hibernation": false,
            "host_id": null,
            "iam_instance_profile": "",
            "id": "i-05376cab7b2ace34d",
            "instance_initiated_shutdown_behavior": "stop",
            "instance_state": "running",
            "instance_type": "t3.micro",
            "ipv6_address_count": 0,
            "ipv6_addresses": [],
            "key_name": "Avi_Singh",
            "launch_template": [],
            "metadata_options": [
              {
                "http_endpoint": "enabled",
                "http_put_response_hop_limit": 1,
                "http_tokens": "optional",
                "instance_metadata_tags": "disabled"
              }
            ],
            "monitoring": false,
            "network_interface": [],
            "outpost_arn": "",
            "password_data": "",
            "placement_group": "",
            "placement_partition_number": null,
            "primary_network_interface_id": "eni-063a134410b6d02c9",
            "private_dns": "ip-172-31-31-247.us-east-2.compute.internal",
            "private_ip": "172.31.31.247",
            "public_dns": "ec2-18-221-89-42.us-east-2.compute.amazonaws.com",
            "public_ip": "18.221.89.42",
            "root_block_device": [
              {
                "delete_on_termination": true,
                "device_name": "/dev/xvda",
                "encrypted": false,
                "iops": 100,
                "kms_key_id": "",
                "tags": {},
                "throughput": 0,
                "volume_id": "vol-06b8b3eb7f8738e80",
                "volume_size": 2,
                "volume_type": "gp2"
              }
            ],
            "secondary_private_ips": [],
            "security_groups": [
              "vpc-ssh",
              "vpc-web"
            ],
            "source_dest_check": true,
            "subnet_id": "subnet-0bfe1476f3673c457",
            "tags": {
              "Name": "EC2-\u003eus-east-2a"
            },
            "tags_all": {
              "Name": "EC2-\u003eus-east-2a"
            },
            "tenancy": "default",
            "timeouts": null,
            "user_data": "5b6a001cca8e5d2a4da2220b2a98df1fa7b16929",
            "user_data_base64": null,
            "volume_tags": null,
            "vpc_security_group_ids": [
              "sg-037a388e14e35815d",
              "sg-0f970f46e206371c8"
            ]
          },
          "sensitive_attributes": [],
          "private": "eyJlMmJmYjczMC1lY2FhLTExZTYtOGY4OC0zNDM2M2JjN2M0YzAiOnsiY3JlYXRlIjo2MDAwMDAwMDAwMDAsImRlbGV0ZSI6MTIwMDAwMDAwMDAwMCwidXBkYXRlIjo2MDAwMDAwMDAwMDB9LCJzY2hlbWFfdmVyc2lvbiI6IjEifQ==",
          "dependencies": [
            "aws_security_group.vpc-ssh",
            "aws_security_group.vpc-web",
            "data.aws_ami.amzlinux",
            "data.aws_availability_zones.myzones"
          ]
        },
        {
          "index_key": "us-east-2b",
          "schema_version": 1,
          "attributes": {
            "ami": "ami-0cc55259655aee1f4",
            "arn": "arn:aws:ec2:us-east-2:627216616077:instance/i-03582469ce674a633",
            "associate_public_ip_address": true,
            "availability_zone": "us-east-2b",
            "capacity_reservation_specification": [
              {
                "capacity_reservation_preference": "open",
                "capacity_reservation_target": []
              }
            ],
            "cpu_core_count": 1,
            "cpu_threads_per_core": 2,
            "credit_specification": [
              {
                "cpu_credits": "unlimited"
              }
            ],
            "disable_api_termination": false,
            "ebs_block_device": [],
            "ebs_optimized": false,
            "enclave_options": [
              {
                "enabled": false
              }
            ],
            "ephemeral_block_device": [],
            "get_password_data": false,
            "hibernation": false,
            "host_id": null,
            "iam_instance_profile": "",
            "id": "i-03582469ce674a633",
            "instance_initiated_shutdown_behavior": "stop",
            "instance_state": "running",
            "instance_type": "t3.micro",
            "ipv6_address_count": 0,
            "ipv6_addresses": [],
            "key_name": "Avi_Singh",
            "launch_template": [],
            "metadata_options": [
              {
                "http_endpoint": "enabled",
                "http_put_response_hop_limit": 1,
                "http_tokens": "optional",
                "instance_metadata_tags": "disabled"
              }
            ],
            "monitoring": false,
            "network_interface": [],
            "outpost_arn": "",
            "password_data": "",
            "placement_group": "",
            "placement_partition_number": null,
            "primary_network_interface_id": "eni-08370c8a7c65f79f7",
            "private_dns": "ip-172-31-17-30.us-east-2.compute.internal",
            "private_ip": "172.31.17.30",
            "public_dns": "ec2-3-15-39-118.us-east-2.compute.amazonaws.com",
            "public_ip": "3.15.39.118",
            "root_block_device": [
              {
                "delete_on_termination": true,
                "device_name": "/dev/xvda",
                "encrypted": false,
                "iops": 100,
                "kms_key_id": "",
                "tags": {},
                "throughput": 0,
                "volume_id": "vol-08fe8bae698ec62ec",
                "volume_size": 2,
                "volume_type": "gp2"
              }
            ],
            "secondary_private_ips": [],
            "security_groups": [
              "vpc-ssh",
              "vpc-web"
            ],
            "source_dest_check": true,
            "subnet_id": "subnet-0bfe1476f3673c457",
            "tags": {
              "Name": "EC2-\u003eus-east-2b"
            },
            "tags_all": {
              "Name": "EC2-\u003eus-east-2b"
            },
            "tenancy": "default",
            "timeouts": null,
            "user_data": "5b6a001cca8e5d2a4da2220b2a98df1fa7b16929",
            "user_data_base64": null,
            "volume_tags": null,
            "vpc_security_group_ids": [
              "sg-037a388e14e35815d",
              "sg-0f970f46e206371c8"
            ]
          },
          "sensitive_attributes": [],
          "private": "eyJlMmJmYjczMC1lY2FhLTExZTYtOGY4OC0zNDM2M2JjN2M0YzAiOnsiY3JlYXRlIjo2MDAwMDAwMDAwMDAsImRlbGV0ZSI6MTIwMDAwMDAwMDAwMCwidXBkYXRlIjo2MDAwMDAwMDAwMDB9LCJzY2hlbWFfdmVyc2lvbiI6IjEifQ==",
          "dependencies": [
            "aws_security_group.vpc-ssh",
            "aws_security_group.vpc-web",
            "data.aws_ami.amzlinux",
            "data.aws_availability_zones.myzones"
          ]
        },
        {
          "index_key": "us-east-2c",
          "schema_version": 1,
          "attributes": {
            "ami": "ami-0cc55259655aee1f4",
            "arn": "arn:aws:ec2:us-east-2:627216616077:instance/i-04e9bccc26dae8a5f",
            "associate_public_ip_address": true,
            "availability_zone": "us-east-2b",
            "capacity_reservation_specification": [
              {
                "capacity_reservation_preference": "open",
                "capacity_reservation_target": []
              }
            ],
            "cpu_core_count": 1,
            "cpu_threads_per_core": 2,
            "credit_specification": [
              {
                "cpu_credits": "unlimited"
              }
            ],
            "disable_api_termination": false,
            "ebs_block_device": [],
            "ebs_optimized": false,
            "enclave_options": [
              {
                "enabled": false
              }
            ],
            "ephemeral_block_device": [],
            "get_password_data": false,
            "hibernation": false,
            "host_id": null,
            "iam_instance_profile": "",
            "id": "i-04e9bccc26dae8a5f",
            "instance_initiated_shutdown_behavior": "stop",
            "instance_state": "running",
            "instance_type": "t3.micro",
            "ipv6_address_count": 0,
            "ipv6_addresses": [],
            "key_name": "Avi_Singh",
            "launch_template": [],
            "metadata_options": [
              {
                "http_endpoint": "enabled",
                "http_put_response_hop_limit": 1,
                "http_tokens": "optional",
                "instance_metadata_tags": "disabled"
              }
            ],
            "monitoring": false,
            "network_interface": [],
            "outpost_arn": "",
            "password_data": "",
            "placement_group": "",
            "placement_partition_number": null,
            "primary_network_interface_id": "eni-0d62f31956d62b2de",
            "private_dns": "ip-172-31-30-30.us-east-2.compute.internal",
            "private_ip": "172.31.30.30",
            "public_dns": "ec2-18-220-66-39.us-east-2.compute.amazonaws.com",
            "public_ip": "18.220.66.39",
            "root_block_device": [
              {
                "delete_on_termination": true,
                "device_name": "/dev/xvda",
                "encrypted": false,
                "iops": 100,
                "kms_key_id": "",
                "tags": {},
                "throughput": 0,
                "volume_id": "vol-0047260448bceaaa0",
                "volume_size": 2,
                "volume_type": "gp2"
              }
            ],
            "secondary_private_ips": [],
            "security_groups": [
              "vpc-ssh",
              "vpc-web"
            ],
            "source_dest_check": true,
            "subnet_id": "subnet-0bfe1476f3673c457",
            "tags": {
              "Name": "EC2-\u003eus-east-2c"
            },
            "tags_all": {
              "Name": "EC2-\u003eus-east-2c"
            },
            "tenancy": "default",
            "timeouts": null,
            "user_data": "5b6a001cca8e5d2a4da2220b2a98df1fa7b16929",
            "user_data_base64": null,
            "volume_tags": null,
            "vpc_security_group_ids": [
              "sg-037a388e14e35815d",
              "sg-0f970f46e206371c8"
            ]
          },
          "sensitive_attributes": [],
          "private": "eyJlMmJmYjczMC1lY2FhLTExZTYtOGY4OC0zNDM2M2JjN2M0YzAiOnsiY3JlYXRlIjo2MDAwMDAwMDAwMDAsImRlbGV0ZSI6MTIwMDAwMDAwMDAwMCwidXBkYXRlIjo2MDAwMDAwMDAwMDB9LCJzY2hlbWFfdmVyc2lvbiI6IjEifQ==",
          "dependencies": [
            "aws_security_group.vpc-ssh",
            "aws_security_group.vpc-web",
            "data.aws_ami.amzlinux",
            "data.aws_availability_zones.myzones"
          ]
        }
      ]
    },
    {
      "mode": "managed",
      "type": "aws_security_group",
      "name": "vpc-ssh",
      "provider": "provider[\"registry.terraform.io/hashicorp/aws\"]",
      "instances": [
        {
          "schema_version": 1,
          "attributes": {
            "arn": "arn:aws:ec2:us-east-2:627216616077:security-group/sg-037a388e14e35815d",
            "description": "Dev VPC SSH",
            "egress": [
              {
                "cidr_blocks": [
                  "0.0.0.0/0"
                ],
                "description": "Allow all IP and Ports outbound",
                "from_port": 0,
                "ipv6_cidr_blocks": [],
                "prefix_list_ids": [],
                "protocol": "-1",
                "security_groups": [],
                "self": false,
                "to_port": 0
              }
            ],
            "id": "sg-037a388e14e35815d",
            "ingress": [
              {
                "cidr_blocks": [
                  "0.0.0.0/0"
                ],
                "description": "Allow Port 22",
                "from_port": 22,
                "ipv6_cidr_blocks": [],
                "prefix_list_ids": [],
                "protocol": "tcp",
                "security_groups": [],
                "self": false,
                "to_port": 22
              }
            ],
            "name": "vpc-ssh",
            "name_prefix": "",
            "owner_id": "627216616077",
            "revoke_rules_on_delete": false,
            "tags": {},
            "tags_all": {},
            "timeouts": null,
            "vpc_id": "vpc-046b8070d4da1ba95"
          },
          "sensitive_attributes": [],
          "private": "eyJlMmJmYjczMC1lY2FhLTExZTYtOGY4OC0zNDM2M2JjN2M0YzAiOnsiY3JlYXRlIjo2MDAwMDAwMDAwMDAsImRlbGV0ZSI6OTAwMDAwMDAwMDAwfSwic2NoZW1hX3ZlcnNpb24iOiIxIn0="
        }
      ]
    },
    {
      "mode": "managed",
      "type": "aws_security_group",
      "name": "vpc-web",
      "provider": "provider[\"registry.terraform.io/hashicorp/aws\"]",
      "instances": [
        {
          "schema_version": 1,
          "attributes": {
            "arn": "arn:aws:ec2:us-east-2:627216616077:security-group/sg-0f970f46e206371c8",
            "description": "Dev VPC Web",
            "egress": [
              {
                "cidr_blocks": [
                  "0.0.0.0/0"
                ],
                "description": "Allow all IP and Ports outbound",
                "from_port": 0,
                "ipv6_cidr_blocks": [],
                "prefix_list_ids": [],
                "protocol": "-1",
                "security_groups": [],
                "self": false,
                "to_port": 0
              }
            ],
            "id": "sg-0f970f46e206371c8",
            "ingress": [
              {
                "cidr_blocks": [
                  "0.0.0.0/0"
                ],
                "description": "Allow Port 443",
                "from_port": 443,
                "ipv6_cidr_blocks": [],
                "prefix_list_ids": [],
                "protocol": "tcp",
                "security_groups": [],
                "self": false,
                "to_port": 443
              },
              {
                "cidr_blocks": [
                  "0.0.0.0/0"
                ],
                "description": "Allow Port 80",
                "from_port": 80,
                "ipv6_cidr_blocks": [],
                "prefix_list_ids": [],
                "protocol": "tcp",
                "security_groups": [],
                "self": false,
                "to_port": 80
              }
            ],
            "name": "vpc-web",
            "name_prefix": "",
            "owner_id": "627216616077",
            "revoke_rules_on_delete": false,
            "tags": {},
            "tags_all": {},
            "timeouts": null,
            "vpc_id": "vpc-046b8070d4da1ba95"
          },
          "sensitive_attributes": [],
          "private": "eyJlMmJmYjczMC1lY2FhLTExZTYtOGY4OC0zNDM2M2JjN2M0YzAiOnsiY3JlYXRlIjo2MDAwMDAwMDAwMDAsImRlbGV0ZSI6OTAwMDAwMDAwMDAwfSwic2NoZW1hX3ZlcnNpb24iOiIxIn0="
        }
      ]
    }
  ],
  "check_results": null
}
